
Microsoft Visual Studio Solution File, Format Version 12.00
# Visual Studio Version 16
VisualStudioVersion = 16.0.30717.126
MinimumVisualStudioVersion = 10.0.40219.1
Project("{FAE04EC0-301F-11D3-BF4B-00C04F79EFBC}") = "GraphQLBasic", "GraphQLBasic\GraphQLBasic.csproj", "{858A2559-CCB5-4926-926B-151BEADEB650}"
EndProject
Global
	GlobalSection(SolutionConfigurationPlatforms) = preSolution
		Debug|Any CPU = Debug|Any CPU
		Release|Any CPU = Release|Any CPU
	EndGlobalSection
	GlobalSection(ProjectConfigurationPlatforms) = postSolution
		{858A2559-CCB5-4926-926B-151BEADEB650}.Debug|Any CPU.ActiveCfg = Debug|Any CPU
		{858A2559-CCB5-4926-926B-151BEADEB650}.Debug|Any CPU.Build.0 = Debug|Any CPU
		{858A2559-CCB5-4926-926B-151BEADEB650}.Release|Any CPU.ActiveCfg = Release|Any CPU
		{858A2559-CCB5-4926-926B-151BEADEB650}.Release|Any CPU.Build.0 = Release|Any CPU
	EndGlobalSection
	GlobalSection(SolutionProperties) = preSolution
		HideSolutionNode = FALSE
	EndGlobalSection
	GlobalSection(ExtensibilityGlobals) = postSolution
		SolutionGuid = {24527D83-3528-4E8E-BBE3-FFDD007EBF67}
	EndGlobalSection
EndGlobal
